{
  "name": "wtf-quiz-1c",
  "version": "2.0.0",
  "lockfileVersion": 3,
  "requires": true,
  "packages": {
    "": {
      "name": "wtf-quiz-1c",
      "version": "2.0.0",
      "license": "MIT",
      "dependencies": {
        "marked": "^16.2.1"
      },
      "devDependencies": {},
      "engines": {
        "node": ">=14.0.0",
        "ruby": ">=2.7.0"
      }
    },
    "node_modules/marked": {
      "version": "16.2.1",
      "resolved": "https://registry.npmjs.org/marked/-/marked-16.2.1.tgz",
      "integrity": "sha512-r3UrXED9lMlHF97jJByry90cwrZBBvZmjG1L68oYfuPMW+uDTnuMbyJDymCWwbTE+f+3LhpNDKfpR3a3saFyjA==",
      "license": "MIT",
      "bin": {
        "marked": "bin/marked.js"
      },
      "engines": {
        "node": ">= 20"
      }
    }
  }
}
